// !$*UTF8*$!
{
	archiveVersion = 1;
	classes = {
	};
	objectVersion = 54;
	objects = {

/* Begin PBXBuildFile section */
		8D11072A0486CEB800E47090 /* MainMenu.nib in Resources */ = {isa = PBXBuildFile; fileRef = 29B97318FDCFA39411CA2CEA /* MainMenu.nib */; };
		8D11072B0486CEB800E47090 /* InfoPlist.strings in Resources */ = {isa = PBXBuildFile; fileRef = 089C165CFE840E0CC02AAC07 /* InfoPlist.strings */; };
		8D11072D0486CEB800E47090 /* main.m in Sources */ = {isa = PBXBuildFile; fileRef = 29B97316FDCFA39411CA2CEA /* main.m */; settings = {ATTRIBUTES = (); }; };
		DA16F9170CB8965500B792B3 /* extract_archive.png in Resources */ = {isa = PBXBuildFile; fileRef = DA16F9150CB8965500B792B3 /* extract_archive.png */; };
		DA1A776C0F5EA4B400045781 /* WebArchiveExtractor.sdef in Resources */ = {isa = PBXBuildFile; fileRef = DA1A776B0F5EA4B400045781 /* WebArchiveExtractor.sdef */; };
		DA4173C929FDD3490042AE98 /* WebArchiveExtractor.icns in Resources */ = {isa = PBXBuildFile; fileRef = DA4173C829FDD3490042AE98 /* WebArchiveExtractor.icns */; };
		DA4173D729FDDF6D0042AE98 /* WebArchiveExtractorHelp.help in Resources */ = {isa = PBXBuildFile; fileRef = DA4173D629FDDF6D0042AE98 /* WebArchiveExtractorHelp.help */; };
		DA60BC480CA0B2AC000393B9 /* Extractor.m in Sources */ = {isa = PBXBuildFile; fileRef = DA60BC470CA0B2AC000393B9 /* Extractor.m */; };
		DA60BC510CA0B4A5000393B9 /* WebArchiveController.m in Sources */ = {isa = PBXBuildFile; fileRef = DA60BC500CA0B4A5000393B9 /* WebArchiveController.m */; };
		DA60BCB60CA0BC82000393B9 /* ArchiveDropView.m in Sources */ = {isa = PBXBuildFile; fileRef = DA60BCB50CA0BC82000393B9 /* ArchiveDropView.m */; };
		DA60BF2F0CA0C6B1000393B9 /* CHANGES.rtf in Resources */ = {isa = PBXBuildFile; fileRef = DA60BF2D0CA0C6B1000393B9 /* CHANGES.rtf */; };
		DA6A0B960CB87A7D00FDC439 /* MenuDelegate.m in Sources */ = {isa = PBXBuildFile; fileRef = DA6A0B940CB87A7D00FDC439 /* MenuDelegate.m */; };
		DA89598F20F995590039689D /* Cocoa.framework in Frameworks */ = {isa = PBXBuildFile; fileRef = DA89598D20F9954D0039689D /* Cocoa.framework */; settings = {ATTRIBUTES = (Required, ); }; };
		DA89599120F9955F0039689D /* WebKit.framework in Frameworks */ = {isa = PBXBuildFile; fileRef = DA89599020F9955F0039689D /* WebKit.framework */; settings = {ATTRIBUTES = (Required, ); }; };
		DA89599320F995C10039689D /* Foundation.framework in Frameworks */ = {isa = PBXBuildFile; fileRef = DA89599220F995C10039689D /* Foundation.framework */; settings = {ATTRIBUTES = (Required, ); }; };
		DA8FF56520F96CB500A59D44 /* Images.xcassets in Resources */ = {isa = PBXBuildFile; fileRef = DA8FF56420F96CB500A59D44 /* Images.xcassets */; };
		DAACE7FF0CBABE1900079E23 /* OutputType.m in Sources */ = {isa = PBXBuildFile; fileRef = DAACE7FD0CBABE1900079E23 /* OutputType.m */; };
		DAACE8080CBABE5700079E23 /* OutputTypeController.m in Sources */ = {isa = PBXBuildFile; fileRef = DAACE8060CBABE5700079E23 /* OutputTypeController.m */; };
/* End PBXBuildFile section */

/* Begin PBXCopyFilesBuildPhase section */
		DA16F9450CB89B7100B792B3 /* CopyFiles */ = {
			isa = PBXCopyFilesBuildPhase;
			buildActionMask = 2147483647;
			dstPath = "";
			dstSubfolderSpec = 10;
			files = (
			);
			runOnlyForDeploymentPostprocessing = 0;
		};
/* End PBXCopyFilesBuildPhase section */

/* Begin PBXFileReference section */
		29B97316FDCFA39411CA2CEA /* main.m */ = {isa = PBXFileReference; fileEncoding = 4; lastKnownFileType = sourcecode.c.objc; path = main.m; sourceTree = "<group>"; };
		32CA4F630368D1EE00C91783 /* WebArchiveExtractor_Prefix.pch */ = {isa = PBXFileReference; fileEncoding = 4; lastKnownFileType = sourcecode.c.h; path = WebArchiveExtractor_Prefix.pch; sourceTree = "<group>"; };
		8D1107310486CEB800E47090 /* Info.plist */ = {isa = PBXFileReference; fileEncoding = 4; lastKnownFileType = text.plist; path = Info.plist; sourceTree = "<group>"; };
		8D1107320486CEB800E47090 /* WebArchiveExtractor.app */ = {isa = PBXFileReference; explicitFileType = wrapper.application; includeInIndex = 0; path = WebArchiveExtractor.app; sourceTree = BUILT_PRODUCTS_DIR; };
		DA16F9150CB8965500B792B3 /* extract_archive.png */ = {isa = PBXFileReference; lastKnownFileType = image.png; path = extract_archive.png; sourceTree = "<group>"; };
		DA1A776B0F5EA4B400045781 /* WebArchiveExtractor.sdef */ = {isa = PBXFileReference; fileEncoding = 4; lastKnownFileType = text.sdef; path = WebArchiveExtractor.sdef; sourceTree = "<group>"; xcLanguageSpecificationIdentifier = xcode.lang.xml; };
		DA4173C829FDD3490042AE98 /* WebArchiveExtractor.icns */ = {isa = PBXFileReference; lastKnownFileType = image.icns; name = WebArchiveExtractor.icns; path = Assets/WebArchiveExtractor.icns; sourceTree = "<group>"; };
		DA4173D629FDDF6D0042AE98 /* WebArchiveExtractorHelp.help */ = {isa = PBXFileReference; lastKnownFileType = wrapper; path = WebArchiveExtractorHelp.help; sourceTree = "<group>"; };
		DA60BC460CA0B2AC000393B9 /* Extractor.h */ = {isa = PBXFileReference; fileEncoding = 4; lastKnownFileType = sourcecode.c.h; path = Extractor.h; sourceTree = "<group>"; };
		DA60BC470CA0B2AC000393B9 /* Extractor.m */ = {isa = PBXFileReference; fileEncoding = 4; lastKnownFileType = sourcecode.c.objc; path = Extractor.m; sourceTree = "<group>"; };
		DA60BC4F0CA0B4A5000393B9 /* WebArchiveController.h */ = {isa = PBXFileReference; fileEncoding = 4; lastKnownFileType = sourcecode.c.h; path = WebArchiveController.h; sourceTree = "<group>"; };
		DA60BC500CA0B4A5000393B9 /* WebArchiveController.m */ = {isa = PBXFileReference; fileEncoding = 4; lastKnownFileType = sourcecode.c.objc; path = WebArchiveController.m; sourceTree = "<group>"; };
		DA60BCB40CA0BC82000393B9 /* ArchiveDropView.h */ = {isa = PBXFileReference; fileEncoding = 4; lastKnownFileType = sourcecode.c.h; path = ArchiveDropView.h; sourceTree = "<group>"; };
		DA60BCB50CA0BC82000393B9 /* ArchiveDropView.m */ = {isa = PBXFileReference; fileEncoding = 4; lastKnownFileType = sourcecode.c.objc; path = ArchiveDropView.m; sourceTree = "<group>"; };
		DA60BF2D0CA0C6B1000393B9 /* CHANGES.rtf */ = {isa = PBXFileReference; lastKnownFileType = text.rtf; path = CHANGES.rtf; sourceTree = "<group>"; };
		DA6A0B940CB87A7D00FDC439 /* MenuDelegate.m */ = {isa = PBXFileReference; fileEncoding = 4; lastKnownFileType = sourcecode.c.objc; path = MenuDelegate.m; sourceTree = "<group>"; };
		DA6A0B950CB87A7D00FDC439 /* MenuDelegate.h */ = {isa = PBXFileReference; fileEncoding = 4; lastKnownFileType = sourcecode.c.h; path = MenuDelegate.h; sourceTree = "<group>"; };
		DA85752E0D145FAE0024813B /* WebArchiveExtractorHelp.webarchive */ = {isa = PBXFileReference; fileEncoding = 4; lastKnownFileType = text; path = WebArchiveExtractorHelp.webarchive; sourceTree = "<group>"; };
		DA89598D20F9954D0039689D /* Cocoa.framework */ = {isa = PBXFileReference; lastKnownFileType = wrapper.framework; name = Cocoa.framework; path = /Applications/Xcode.app/Contents/Developer/Platforms/MacOSX.platform/Developer/SDKs/MacOSX10.13.sdk/System/Library/Frameworks/Cocoa.framework; sourceTree = "<absolute>"; };
		DA89599020F9955F0039689D /* WebKit.framework */ = {isa = PBXFileReference; lastKnownFileType = wrapper.framework; name = WebKit.framework; path = /Applications/Xcode.app/Contents/Developer/Platforms/MacOSX.platform/Developer/SDKs/MacOSX10.13.sdk/System/Library/Frameworks/WebKit.framework; sourceTree = "<absolute>"; };
		DA89599220F995C10039689D /* Foundation.framework */ = {isa = PBXFileReference; lastKnownFileType = wrapper.framework; name = Foundation.framework; path = /Applications/Xcode.app/Contents/Developer/Platforms/MacOSX.platform/Developer/SDKs/MacOSX10.13.sdk/System/Library/Frameworks/Foundation.framework; sourceTree = "<absolute>"; };
		DA89599420F9B1BE0039689D /* README.md */ = {isa = PBXFileReference; lastKnownFileType = net.daringfireball.markdown; path = README.md; sourceTree = "<group>"; };
		DA89599520F9B1BE0039689D /* LICENSE.md */ = {isa = PBXFileReference; lastKnownFileType = net.daringfireball.markdown; path = LICENSE.md; sourceTree = "<group>"; };
		DA8FF56420F96CB500A59D44 /* Images.xcassets */ = {isa = PBXFileReference; lastKnownFileType = folder.assetcatalog; name = Images.xcassets; path = "WebArchive Extractor/Images.xcassets"; sourceTree = "<group>"; };
		DAACE7FC0CBABE1900079E23 /* OutputType.h */ = {isa = PBXFileReference; fileEncoding = 4; lastKnownFileType = sourcecode.c.h; path = OutputType.h; sourceTree = "<group>"; };
		DAACE7FD0CBABE1900079E23 /* OutputType.m */ = {isa = PBXFileReference; fileEncoding = 4; lastKnownFileType = sourcecode.c.objc; path = OutputType.m; sourceTree = "<group>"; };
		DAACE8050CBABE5700079E23 /* OutputTypeController.h */ = {isa = PBXFileReference; fileEncoding = 4; lastKnownFileType = sourcecode.c.h; path = OutputTypeController.h; sourceTree = "<group>"; };
		DAACE8060CBABE5700079E23 /* OutputTypeController.m */ = {isa = PBXFileReference; fileEncoding = 4; lastKnownFileType = sourcecode.c.objc; path = OutputTypeController.m; sourceTree = "<group>"; };
		DAF806A12C9B87BE0033D66D /* Base */ = {isa = PBXFileReference; lastKnownFileType = wrapper.nib; name = Base; path = Base.lproj/MainMenu.nib; sourceTree = "<group>"; };
		DAF806A22C9B88790033D66D /* en */ = {isa = PBXFileReference; lastKnownFileType = text.plist.strings; name = en; path = en.lproj/InfoPlist.strings; sourceTree = "<group>"; };
/* End PBXFileReference section */

/* Begin PBXFrameworksBuildPhase section */
		8D11072E0486CEB800E47090 /* Frameworks */ = {
			isa = PBXFrameworksBuildPhase;
			buildActionMask = 2147483647;
			files = (
				DA89599320F995C10039689D /* Foundation.framework in Frameworks */,
				DA89599120F9955F0039689D /* WebKit.framework in Frameworks */,
				DA89598F20F995590039689D /* Cocoa.framework in Frameworks */,
			);
			runOnlyForDeploymentPostprocessing = 0;
		};
/* End PBXFrameworksBuildPhase section */

/* Begin PBXGroup section */
		080E96DDFE201D6D7F000001 /* Classes */ = {
			isa = PBXGroup;
			children = (
				DA60BEF70CA0C02B000393B9 /* UI */,
				DA60BC400CA0B26C000393B9 /* Core */,
			);
			name = Classes;
			sourceTree = "<group>";
		};
		19C28FACFE9D520D11CA2CBB /* Products */ = {
			isa = PBXGroup;
			children = (
				8D1107320486CEB800E47090 /* WebArchiveExtractor.app */,
			);
			name = Products;
			sourceTree = "<group>";
		};
		29B97314FDCFA39411CA2CEA /* WebArchiveExtractor */ = {
			isa = PBXGroup;
			children = (
				080E96DDFE201D6D7F000001 /* Classes */,
				29B97315FDCFA39411CA2CEA /* Other Sources */,
				29B97317FDCFA39411CA2CEA /* Resources */,
				29B97323FDCFA39411CA2CEA /* Frameworks */,
				19C28FACFE9D520D11CA2CBB /* Products */,
			);
			name = WebArchiveExtractor;
			sourceTree = "<group>";
		};
		29B97315FDCFA39411CA2CEA /* Other Sources */ = {
			isa = PBXGroup;
			children = (
				32CA4F630368D1EE00C91783 /* WebArchiveExtractor_Prefix.pch */,
				29B97316FDCFA39411CA2CEA /* main.m */,
			);
			name = "Other Sources";
			sourceTree = "<group>";
		};
		29B97317FDCFA39411CA2CEA /* Resources */ = {
			isa = PBXGroup;
			children = (
				DA4173D629FDDF6D0042AE98 /* WebArchiveExtractorHelp.help */,
				DA4173C829FDD3490042AE98 /* WebArchiveExtractor.icns */,
				DA8FF56420F96CB500A59D44 /* Images.xcassets */,
				DA85752E0D145FAE0024813B /* WebArchiveExtractorHelp.webarchive */,
				DA16F9150CB8965500B792B3 /* extract_archive.png */,
				DA60BF2D0CA0C6B1000393B9 /* CHANGES.rtf */,
				DA89599520F9B1BE0039689D /* LICENSE.md */,
				DA89599420F9B1BE0039689D /* README.md */,
				8D1107310486CEB800E47090 /* Info.plist */,
				089C165CFE840E0CC02AAC07 /* InfoPlist.strings */,
				29B97318FDCFA39411CA2CEA /* MainMenu.nib */,
				DA1A776B0F5EA4B400045781 /* WebArchiveExtractor.sdef */,
			);
			name = Resources;
			sourceTree = "<group>";
		};
		29B97323FDCFA39411CA2CEA /* Frameworks */ = {
			isa = PBXGroup;
			children = (
				DA89599220F995C10039689D /* Foundation.framework */,
				DA89599020F9955F0039689D /* WebKit.framework */,
				DA89598D20F9954D0039689D /* Cocoa.framework */,
			);
			name = Frameworks;
			sourceTree = "<group>";
		};
		DA60BC400CA0B26C000393B9 /* Core */ = {
			isa = PBXGroup;
			children = (
				DAACE8020CBABE2100079E23 /* OutputType */,
				DA60BC460CA0B2AC000393B9 /* Extractor.h */,
				DA60BC470CA0B2AC000393B9 /* Extractor.m */,
			);
			name = Core;
			sourceTree = "<group>";
		};
		DA60BEF70CA0C02B000393B9 /* UI */ = {
			isa = PBXGroup;
			children = (
				DAACE8050CBABE5700079E23 /* OutputTypeController.h */,
				DAACE8060CBABE5700079E23 /* OutputTypeController.m */,
				DA60BC4F0CA0B4A5000393B9 /* WebArchiveController.h */,
				DA60BC500CA0B4A5000393B9 /* WebArchiveController.m */,
				DA60BCB40CA0BC82000393B9 /* ArchiveDropView.h */,
				DA60BCB50CA0BC82000393B9 /* ArchiveDropView.m */,
				DA6A0B940CB87A7D00FDC439 /* MenuDelegate.m */,
				DA6A0B950CB87A7D00FDC439 /* MenuDelegate.h */,
			);
			name = UI;
			sourceTree = "<group>";
		};
		DAACE8020CBABE2100079E23 /* OutputType */ = {
			isa = PBXGroup;
			children = (
				DAACE7FC0CBABE1900079E23 /* OutputType.h */,
				DAACE7FD0CBABE1900079E23 /* OutputType.m */,
			);
			name = OutputType;
			sourceTree = "<group>";
		};
/* End PBXGroup section */

/* Begin PBXNativeTarget section */
		8D1107260486CEB800E47090 /* WebArchiveExtractor */ = {
			isa = PBXNativeTarget;
			buildConfigurationList = C01FCF4A08A954540054247B /* Build configuration list for PBXNativeTarget "WebArchiveExtractor" */;
			buildPhases = (
				8D1107290486CEB800E47090 /* Resources */,
				8D11072C0486CEB800E47090 /* Sources */,
				8D11072E0486CEB800E47090 /* Frameworks */,
				DA16F9450CB89B7100B792B3 /* CopyFiles */,
				DA1A77850F5EA8BF00045781 /* ShellScript */,
			);
			buildRules = (
			);
			comments = "0.8 Fixed a bug with base64 encoded inline images";
			dependencies = (
			);
			name = WebArchiveExtractor;
			productInstallPath = "$(HOME)/Applications";
			productName = WebArchiveExtractor;
			productReference = 8D1107320486CEB800E47090 /* WebArchiveExtractor.app */;
			productType = "com.apple.product-type.application";
		};
/* End PBXNativeTarget section */

/* Begin PBXProject section */
		29B97313FDCFA39411CA2CEA /* Project object */ = {
			isa = PBXProject;
			attributes = {
				BuildIndependentTargetsInParallel = YES;
				LastUpgradeCheck = 1520;
				TargetAttributes = {
					8D1107260486CEB800E47090 = {
						ProvisioningStyle = Manual;
					};
				};
			};
			buildConfigurationList = C01FCF4E08A954540054247B /* Build configuration list for PBXProject "WebArchiveExtractor" */;
			compatibilityVersion = "Xcode 3.2";
			developmentRegion = en;
			hasScannedForEncodings = 1;
			knownRegions = (
				Base,
				fr,
				de,
				ja,
				en,
			);
			mainGroup = 29B97314FDCFA39411CA2CEA /* WebArchiveExtractor */;
			projectDirPath = "";
			projectRoot = "";
			targets = (
				8D1107260486CEB800E47090 /* WebArchiveExtractor */,
			);
		};
/* End PBXProject section */

/* Begin PBXResourcesBuildPhase section */
		8D1107290486CEB800E47090 /* Resources */ = {
			isa = PBXResourcesBuildPhase;
			buildActionMask = 2147483647;
			files = (
				DA16F9170CB8965500B792B3 /* extract_archive.png in Resources */,
				8D11072A0486CEB800E47090 /* MainMenu.nib in Resources */,
				8D11072B0486CEB800E47090 /* InfoPlist.strings in Resources */,
				DA60BF2F0CA0C6B1000393B9 /* CHANGES.rtf in Resources */,
				DA8FF56520F96CB500A59D44 /* Images.xcassets in Resources */,
				DA1A776C0F5EA4B400045781 /* WebArchiveExtractor.sdef in Resources */,
				DA4173C929FDD3490042AE98 /* WebArchiveExtractor.icns in Resources */,
				DA4173D729FDDF6D0042AE98 /* WebArchiveExtractorHelp.help in Resources */,
			);
			runOnlyForDeploymentPostprocessing = 0;
		};
/* End PBXResourcesBuildPhase section */

/* Begin PBXShellScriptBuildPhase section */
		DA1A77850F5EA8BF00045781 /* ShellScript */ = {
			isa = PBXShellScriptBuildPhase;
			buildActionMask = 2147483647;
			files = (
			);
			inputPaths = (
			);
			outputPaths = (
			);
			runOnlyForDeploymentPostprocessing = 0;
			shellPath = /bin/sh;
			shellScript = "# /usr/bin/sdp -f st -o \"$BUILD_DIR/$BUILD_STYLE/$FULL_PRODUCT_NAME/Contents/Resources\" \"$SOURCE_ROOT/WebArchiveExtractor.sdef\"\n";
		};
/* End PBXShellScriptBuildPhase section */

/* Begin PBXSourcesBuildPhase section */
		8D11072C0486CEB800E47090 /* Sources */ = {
			isa = PBXSourcesBuildPhase;
			buildActionMask = 2147483647;
			files = (
				8D11072D0486CEB800E47090 /* main.m in Sources */,
				DA60BC480CA0B2AC000393B9 /* Extractor.m in Sources */,
				DA60BC510CA0B4A5000393B9 /* WebArchiveController.m in Sources */,
				DA60BCB60CA0BC82000393B9 /* ArchiveDropView.m in Sources */,
				DA6A0B960CB87A7D00FDC439 /* MenuDelegate.m in Sources */,
				DAACE7FF0CBABE1900079E23 /* OutputType.m in Sources */,
				DAACE8080CBABE5700079E23 /* OutputTypeController.m in Sources */,
			);
			runOnlyForDeploymentPostprocessing = 0;
		};
/* End PBXSourcesBuildPhase section */

/* Begin PBXVariantGroup section */
		089C165CFE840E0CC02AAC07 /* InfoPlist.strings */ = {
			isa = PBXVariantGroup;
			children = (
				DAF806A22C9B88790033D66D /* en */,
			);
			name = InfoPlist.strings;
			sourceTree = "<group>";
		};
		29B97318FDCFA39411CA2CEA /* MainMenu.nib */ = {
			isa = PBXVariantGroup;
			children = (
				DAF806A12C9B87BE0033D66D /* Base */,
			);
			name = MainMenu.nib;
			sourceTree = "<group>";
		};
/* End PBXVariantGroup section */

/* Begin XCBuildConfiguration section */
		C01FCF4B08A954540054247B /* Debug */ = {
			isa = XCBuildConfiguration;
			buildSettings = {
				ASSETCATALOG_COMPILER_APPICON_NAME = WebArchiveExtractor;
				ASSETCATALOG_COMPILER_INCLUDE_ALL_APPICON_ASSETS = YES;
				CLANG_ENABLE_OBJC_ARC = YES;
				CLANG_ENABLE_OBJC_WEAK = YES;
				CODE_SIGN_IDENTITY = "Apple Development";
				"CODE_SIGN_IDENTITY[sdk=macosx*]" = "Developer ID Application";
				CODE_SIGN_STYLE = Manual;
				COPY_PHASE_STRIP = NO;
				DEAD_CODE_STRIPPING = YES;
				DEVELOPMENT_TEAM = "";
				"DEVELOPMENT_TEAM[sdk=macosx*]" = 96MW2MVPWL;
				ENABLE_HARDENED_RUNTIME = YES;
				FRAMEWORK_SEARCH_PATHS = (
					"$(inherited)",
					"$(FRAMEWORK_SEARCH_PATHS_QUOTED_1)",
				);
				FRAMEWORK_SEARCH_PATHS_QUOTED_1 = "\"$(SRCROOT)\"";
				GCC_DYNAMIC_NO_PIC = NO;
				GCC_MODEL_TUNING = G5;
				GCC_OPTIMIZATION_LEVEL = 0;
				INFOPLIST_FILE = Info.plist;
				INFOPLIST_KEY_CFBundleDisplayName = "WebArchive Extractor";
				INFOPLIST_KEY_LSApplicationCategoryType = "public.app-category.utilities";
				INSTALL_PATH = /Applications;
				MACOSX_DEPLOYMENT_TARGET = "$(RECOMMENDED_MACOSX_DEPLOYMENT_TARGET)";
				PRODUCT_BUNDLE_IDENTIFIER = com.robrohan.WebArchiveExtractor;
				PRODUCT_NAME = WebArchiveExtractor;
				PROVISIONING_PROFILE = "";
				PROVISIONING_PROFILE_SPECIFIER = "";
				"PROVISIONING_PROFILE_SPECIFIER[sdk=macosx*]" = "WebArchive Extractor";
				SDKROOT = macosx;
				WRAPPER_EXTENSION = app;
				ZERO_LINK = YES;
			};
			name = Debug;
		};
		C01FCF4C08A954540054247B /* Release */ = {
			isa = XCBuildConfiguration;
			buildSettings = {
				ASSETCATALOG_COMPILER_APPICON_NAME = WebArchiveExtractor;
				ASSETCATALOG_COMPILER_INCLUDE_ALL_APPICON_ASSETS = YES;
				CLANG_ENABLE_OBJC_ARC = YES;
				CLANG_ENABLE_OBJC_WEAK = YES;
				CODE_SIGN_IDENTITY = "Apple Development";
				"CODE_SIGN_IDENTITY[sdk=macosx*]" = "Developer ID Application";
				CODE_SIGN_STYLE = Manual;
				DEAD_CODE_STRIPPING = YES;
				DEVELOPMENT_TEAM = "";
				"DEVELOPMENT_TEAM[sdk=macosx*]" = 96MW2MVPWL;
				ENABLE_HARDENED_RUNTIME = YES;
				FRAMEWORK_SEARCH_PATHS = (
					"$(inherited)",
					"$(FRAMEWORK_SEARCH_PATHS_QUOTED_1)",
				);
				FRAMEWORK_SEARCH_PATHS_QUOTED_1 = "\"$(SRCROOT)\"";
				GCC_GENERATE_DEBUGGING_SYMBOLS = NO;
				GCC_MODEL_TUNING = G5;
				INFOPLIST_FILE = Info.plist;
				INFOPLIST_KEY_CFBundleDisplayName = "WebArchive Extractor";
				INFOPLIST_KEY_LSApplicationCategoryType = "public.app-category.utilities";
				INSTALL_PATH = /Applications;
				MACOSX_DEPLOYMENT_TARGET = "$(RECOMMENDED_MACOSX_DEPLOYMENT_TARGET)";
				PRODUCT_BUNDLE_IDENTIFIER = com.robrohan.WebArchiveExtractor;
				PRODUCT_NAME = WebArchiveExtractor;
				PROVISIONING_PROFILE_SPECIFIER = "";
				"PROVISIONING_PROFILE_SPECIFIER[sdk=macosx*]" = "WebArchive Extractor";
				SDKROOT = macosx;
				WRAPPER_EXTENSION = app;
			};
			name = Release;
		};
		C01FCF4F08A954540054247B /* Debug */ = {
			isa = XCBuildConfiguration;
			buildSettings = {
				ALWAYS_SEARCH_USER_PATHS = NO;
				CLANG_ANALYZER_LOCALIZABILITY_NONLOCALIZED = YES;
				CLANG_WARN_BLOCK_CAPTURE_AUTORELEASING = YES;
				CLANG_WARN_BOOL_CONVERSION = YES;
				CLANG_WARN_COMMA = YES;
				CLANG_WARN_CONSTANT_CONVERSION = YES;
				CLANG_WARN_DEPRECATED_OBJC_IMPLEMENTATIONS = YES;
				CLANG_WARN_EMPTY_BODY = YES;
				CLANG_WARN_ENUM_CONVERSION = YES;
				CLANG_WARN_INFINITE_RECURSION = YES;
				CLANG_WARN_INT_CONVERSION = YES;
				CLANG_WARN_NON_LITERAL_NULL_CONVERSION = YES;
				CLANG_WARN_OBJC_IMPLICIT_RETAIN_SELF = YES;
				CLANG_WARN_OBJC_LITERAL_CONVERSION = YES;
				CLANG_WARN_QUOTED_INCLUDE_IN_FRAMEWORK_HEADER = YES;
				CLANG_WARN_RANGE_LOOP_ANALYSIS = YES;
				CLANG_WARN_STRICT_PROTOTYPES = YES;
				CLANG_WARN_SUSPICIOUS_MOVE = YES;
				CLANG_WARN_UNREACHABLE_CODE = YES;
				CLANG_WARN__DUPLICATE_METHOD_MATCH = YES;
				DEAD_CODE_STRIPPING = YES;
				ENABLE_APP_SANDBOX = YES;
				ENABLE_STRICT_OBJC_MSGSEND = YES;
				ENABLE_TESTABILITY = YES;
				ENABLE_USER_SCRIPT_SANDBOXING = YES;
				GCC_NO_COMMON_BLOCKS = YES;
				GCC_WARN_64_TO_32_BIT_CONVERSION = YES;
				GCC_WARN_ABOUT_RETURN_TYPE = YES;
				GCC_WARN_UNDECLARED_SELECTOR = YES;
				GCC_WARN_UNINITIALIZED_AUTOS = YES;
				GCC_WARN_UNUSED_FUNCTION = YES;
				GCC_WARN_UNUSED_VARIABLE = YES;
				INSTALL_PATH = /Applications;
				MACOSX_DEPLOYMENT_TARGET = "$(RECOMMENDED_MACOSX_DEPLOYMENT_TARGET)";
				ONLY_ACTIVE_ARCH = YES;
				SDKROOT = macosx;
			};
			name = Debug;
		};
		C01FCF5008A954540054247B /* Release */ = {
			isa = XCBuildConfiguration;
			buildSettings = {
				ALWAYS_SEARCH_USER_PATHS = NO;
				CLANG_ANALYZER_LOCALIZABILITY_NONLOCALIZED = YES;
				CLANG_WARN_BLOCK_CAPTURE_AUTORELEASING = YES;
				CLANG_WARN_BOOL_CONVERSION = YES;
				CLANG_WARN_COMMA = YES;
				CLANG_WARN_CONSTANT_CONVERSION = YES;
				CLANG_WARN_DEPRECATED_OBJC_IMPLEMENTATIONS = YES;
				CLANG_WARN_EMPTY_BODY = YES;
				CLANG_WARN_ENUM_CONVERSION = YES;
				CLANG_WARN_INFINITE_RECURSION = YES;
				CLANG_WARN_INT_CONVERSION = YES;
				CLANG_WARN_NON_LITERAL_NULL_CONVERSION = YES;
				CLANG_WARN_OBJC_IMPLICIT_RETAIN_SELF = YES;
				CLANG_WARN_OBJC_LITERAL_CONVERSION = YES;
				CLANG_WARN_QUOTED_INCLUDE_IN_FRAMEWORK_HEADER = YES;
				CLANG_WARN_RANGE_LOOP_ANALYSIS = YES;
				CLANG_WARN_STRICT_PROTOTYPES = YES;
				CLANG_WARN_SUSPICIOUS_MOVE = YES;
				CLANG_WARN_UNREACHABLE_CODE = YES;
				CLANG_WARN__DUPLICATE_METHOD_MATCH = YES;
				DEAD_CODE_STRIPPING = YES;
				ENABLE_APP_SANDBOX = YES;
				ENABLE_STRICT_OBJC_MSGSEND = YES;
				ENABLE_USER_SCRIPT_SANDBOXING = YES;
				GCC_NO_COMMON_BLOCKS = YES;
				GCC_WARN_64_TO_32_BIT_CONVERSION = YES;
				GCC_WARN_ABOUT_RETURN_TYPE = YES;
				GCC_WARN_UNDECLARED_SELECTOR = YES;
				GCC_WARN_UNINITIALIZED_AUTOS = YES;
				GCC_WARN_UNUSED_FUNCTION = YES;
				GCC_WARN_UNUSED_VARIABLE = YES;
				INSTALL_PATH = /Applications;
				MACOSX_DEPLOYMENT_TARGET = "$(RECOMMENDED_MACOSX_DEPLOYMENT_TARGET)";
				ONLY_ACTIVE_ARCH = NO;
				SDKROOT = macosx;
			};
			name = Release;
		};
/* End XCBuildConfiguration section */

/* Begin XCConfigurationList section */
		C01FCF4A08A954540054247B /* Build configuration list for PBXNativeTarget "WebArchiveExtractor" */ = {
			isa = XCConfigurationList;
			buildConfigurations = (
				C01FCF4B08A954540054247B /* Debug */,
				C01FCF4C08A954540054247B /* Release */,
			);
			defaultConfigurationIsVisible = 0;
			defaultConfigurationName = Release;
		};
		C01FCF4E08A954540054247B /* Build configuration list for PBXProject "WebArchiveExtractor" */ = {
			isa = XCConfigurationList;
			buildConfigurations = (
				C01FCF4F08A954540054247B /* Debug */,
				C01FCF5008A954540054247B /* Release */,
			);
			defaultConfigurationIsVisible = 0;
			defaultConfigurationName = Release;
		};
/* End XCConfigurationList section */
	};
	rootObject = 29B97313FDCFA39411CA2CEA /* Project object */;
}
